
Microsoft Visual Studio Solution File, Format Version 12.00
# Visual Studio Version 17
VisualStudioVersion = 17.1.32414.318
MinimumVisualStudioVersion = 10.0.40219.1
Project("{FAE04EC0-301F-11D3-BF4B-00C04F79EFBC}") = "TMSV6", "TMSV6\TMSV6.csproj", "{10D47394-24FB-4ACF-9799-CAE9D3642A39}"
EndProject
Project("{FAE04EC0-301F-11D3-BF4B-00C04F79EFBC}") = "OracleClient", "OracleClient\OracleClient.csproj", "{751E565B-E81F-4A45-BF08-97E098A75A4F}"
EndProject
Project("{FAE04EC0-301F-11D3-BF4B-00C04F79EFBC}") = "Models", "Models\Models.csproj", "{850F1BF8-D014-4948-BFD2-A3FDE07945A6}"
EndProject
Project("{FAE04EC0-301F-11D3-BF4B-00C04F79EFBC}") = "Managers", "Managers\Managers.csproj", "{5852C86F-CD4F-4682-8477-3D68222EBBF1}"
EndProject
Project("{FAE04EC0-301F-11D3-BF4B-00C04F79EFBC}") = "Services", "Services\Services.csproj", "{F7BAD155-835E-4BFE-A392-D24ED4DD248F}"
EndProject
Global
	GlobalSection(SolutionConfigurationPlatforms) = preSolution
		Debug|Any CPU = Debug|Any CPU
		Release|Any CPU = Release|Any CPU
	EndGlobalSection
	GlobalSection(ProjectConfigurationPlatforms) = postSolution
		{10D47394-24FB-4ACF-9799-CAE9D3642A39}.Debug|Any CPU.ActiveCfg = Debug|Any CPU
		{10D47394-24FB-4ACF-9799-CAE9D3642A39}.Debug|Any CPU.Build.0 = Debug|Any CPU
		{10D47394-24FB-4ACF-9799-CAE9D3642A39}.Release|Any CPU.ActiveCfg = Release|Any CPU
		{10D47394-24FB-4ACF-9799-CAE9D3642A39}.Release|Any CPU.Build.0 = Release|Any CPU
		{751E565B-E81F-4A45-BF08-97E098A75A4F}.Debug|Any CPU.ActiveCfg = Debug|Any CPU
		{751E565B-E81F-4A45-BF08-97E098A75A4F}.Debug|Any CPU.Build.0 = Debug|Any CPU
		{751E565B-E81F-4A45-BF08-97E098A75A4F}.Release|Any CPU.ActiveCfg = Release|Any CPU
		{751E565B-E81F-4A45-BF08-97E098A75A4F}.Release|Any CPU.Build.0 = Release|Any CPU
		{850F1BF8-D014-4948-BFD2-A3FDE07945A6}.Debug|Any CPU.ActiveCfg = Debug|Any CPU
		{850F1BF8-D014-4948-BFD2-A3FDE07945A6}.Debug|Any CPU.Build.0 = Debug|Any CPU
		{850F1BF8-D014-4948-BFD2-A3FDE07945A6}.Release|Any CPU.ActiveCfg = Release|Any CPU
		{850F1BF8-D014-4948-BFD2-A3FDE07945A6}.Release|Any CPU.Build.0 = Release|Any CPU
		{5852C86F-CD4F-4682-8477-3D68222EBBF1}.Debug|Any CPU.ActiveCfg = Debug|Any CPU
		{5852C86F-CD4F-4682-8477-3D68222EBBF1}.Debug|Any CPU.Build.0 = Debug|Any CPU
		{5852C86F-CD4F-4682-8477-3D68222EBBF1}.Release|Any CPU.ActiveCfg = Release|Any CPU
		{5852C86F-CD4F-4682-8477-3D68222EBBF1}.Release|Any CPU.Build.0 = Release|Any CPU
		{F7BAD155-835E-4BFE-A392-D24ED4DD248F}.Debug|Any CPU.ActiveCfg = Debug|Any CPU
		{F7BAD155-835E-4BFE-A392-D24ED4DD248F}.Debug|Any CPU.Build.0 = Debug|Any CPU
		{F7BAD155-835E-4BFE-A392-D24ED4DD248F}.Release|Any CPU.ActiveCfg = Release|Any CPU
		{F7BAD155-835E-4BFE-A392-D24ED4DD248F}.Release|Any CPU.Build.0 = Release|Any CPU
	EndGlobalSection
	GlobalSection(SolutionProperties) = preSolution
		HideSolutionNode = FALSE
	EndGlobalSection
	GlobalSection(ExtensibilityGlobals) = postSolution
		SolutionGuid = {8C286B61-0336-4BBE-87C3-2E607EA02F38}
	EndGlobalSection
EndGlobal
